
Microsoft Visual Studio Solution File, Format Version 12.00
# Visual Studio 15
VisualStudioVersion = 15.0.27428.2037
MinimumVisualStudioVersion = 10.0.40219.1
Project("{FAE04EC0-301F-11D3-BF4B-00C04F79EFBC}") = "MobilePatronsApp.WebApi", "MobilePatronsApp.WebApi\MobilePatronsApp.WebApi.csproj", "{A23E0151-BDC5-4C8D-BCBF-48DE128B5EF7}"
EndProject
Project("{FAE04EC0-301F-11D3-BF4B-00C04F79EFBC}") = "MobilePatronsApp.WebApi.Tests", "MobilePatronsApp.WebApi.Tests\MobilePatronsApp.WebApi.Tests.csproj", "{FE99FEE4-AFCB-4337-A2E1-0F28B6A45A71}"
EndProject
Project("{FAE04EC0-301F-11D3-BF4B-00C04F79EFBC}") = "MobilePatronsApp.DataContracts", "MobilePatronsApp.DataContracts\MobilePatronsApp.DataContracts.csproj", "{7E427412-EB6E-4C29-9381-BC96DD6A9714}"
EndProject
Project("{FAE04EC0-301F-11D3-BF4B-00C04F79EFBC}") = "MobilePatronsApp.BusinessLibrary", "MobilePatronsApp.BusinessLibrary\MobilePatronsApp.BusinessLibrary.csproj", "{C2E64712-5684-4387-84FF-6FFFCF6C2B05}"
EndProject
Project("{FAE04EC0-301F-11D3-BF4B-00C04F79EFBC}") = "MobilePatronsApp.Common", "MobilePatronsApp.Common\MobilePatronsApp.Common.csproj", "{62766537-FBC3-46D3-8365-49FD9E97E37A}"
EndProject
Project("{FAE04EC0-301F-11D3-BF4B-00C04F79EFBC}") = "MobilePatronsApp.Repository", "MobilePatronsApp.Repository\MobilePatronsApp.Repository.csproj", "{FBB6786C-E736-47A4-89DE-325DAF2392E2}"
EndProject
Global
	GlobalSection(SolutionConfigurationPlatforms) = preSolution
		Debug|Any CPU = Debug|Any CPU
		Release|Any CPU = Release|Any CPU
	EndGlobalSection
	GlobalSection(ProjectConfigurationPlatforms) = postSolution
		{A23E0151-BDC5-4C8D-BCBF-48DE128B5EF7}.Debug|Any CPU.ActiveCfg = Debug|Any CPU
		{A23E0151-BDC5-4C8D-BCBF-48DE128B5EF7}.Debug|Any CPU.Build.0 = Debug|Any CPU
		{A23E0151-BDC5-4C8D-BCBF-48DE128B5EF7}.Release|Any CPU.ActiveCfg = Release|Any CPU
		{A23E0151-BDC5-4C8D-BCBF-48DE128B5EF7}.Release|Any CPU.Build.0 = Release|Any CPU
		{FE99FEE4-AFCB-4337-A2E1-0F28B6A45A71}.Debug|Any CPU.ActiveCfg = Debug|Any CPU
		{FE99FEE4-AFCB-4337-A2E1-0F28B6A45A71}.Debug|Any CPU.Build.0 = Debug|Any CPU
		{FE99FEE4-AFCB-4337-A2E1-0F28B6A45A71}.Release|Any CPU.ActiveCfg = Release|Any CPU
		{FE99FEE4-AFCB-4337-A2E1-0F28B6A45A71}.Release|Any CPU.Build.0 = Release|Any CPU
		{7E427412-EB6E-4C29-9381-BC96DD6A9714}.Debug|Any CPU.ActiveCfg = Debug|Any CPU
		{7E427412-EB6E-4C29-9381-BC96DD6A9714}.Debug|Any CPU.Build.0 = Debug|Any CPU
		{7E427412-EB6E-4C29-9381-BC96DD6A9714}.Release|Any CPU.ActiveCfg = Release|Any CPU
		{7E427412-EB6E-4C29-9381-BC96DD6A9714}.Release|Any CPU.Build.0 = Release|Any CPU
		{C2E64712-5684-4387-84FF-6FFFCF6C2B05}.Debug|Any CPU.ActiveCfg = Debug|Any CPU
		{C2E64712-5684-4387-84FF-6FFFCF6C2B05}.Debug|Any CPU.Build.0 = Debug|Any CPU
		{C2E64712-5684-4387-84FF-6FFFCF6C2B05}.Release|Any CPU.ActiveCfg = Release|Any CPU
		{C2E64712-5684-4387-84FF-6FFFCF6C2B05}.Release|Any CPU.Build.0 = Release|Any CPU
		{62766537-FBC3-46D3-8365-49FD9E97E37A}.Debug|Any CPU.ActiveCfg = Debug|Any CPU
		{62766537-FBC3-46D3-8365-49FD9E97E37A}.Debug|Any CPU.Build.0 = Debug|Any CPU
		{62766537-FBC3-46D3-8365-49FD9E97E37A}.Release|Any CPU.ActiveCfg = Release|Any CPU
		{62766537-FBC3-46D3-8365-49FD9E97E37A}.Release|Any CPU.Build.0 = Release|Any CPU
		{FBB6786C-E736-47A4-89DE-325DAF2392E2}.Debug|Any CPU.ActiveCfg = Debug|Any CPU
		{FBB6786C-E736-47A4-89DE-325DAF2392E2}.Debug|Any CPU.Build.0 = Debug|Any CPU
		{FBB6786C-E736-47A4-89DE-325DAF2392E2}.Release|Any CPU.ActiveCfg = Release|Any CPU
		{FBB6786C-E736-47A4-89DE-325DAF2392E2}.Release|Any CPU.Build.0 = Release|Any CPU
	EndGlobalSection
	GlobalSection(SolutionProperties) = preSolution
		HideSolutionNode = FALSE
	EndGlobalSection
	GlobalSection(ExtensibilityGlobals) = postSolution
		SolutionGuid = {34B513D8-FAC4-4A82-8E45-F0C5ECB7BB4D}
	EndGlobalSection
EndGlobal
